
Microsoft Visual Studio Solution File, Format Version 12.00
# Visual Studio 2013
VisualStudioVersion = 12.0.30723.0
MinimumVisualStudioVersion = 10.0.40219.1
Project("{FAE04EC0-301F-11D3-BF4B-00C04F79EFBC}") = "rs", "src\rs\rs.csproj", "{403A972D-66B7-4CBF-B6E9-AEA2989808DD}"
EndProject
Project("{2150E333-8FDC-42A3-9474-1A3956D46DE8}") = "nuspec", "nuspec", "{5B47EEA2-0D67-45CD-A346-8460FFA90F12}"
	ProjectSection(SolutionItems) = preProject
		src\rs\rs.nuspec = src\rs\rs.nuspec
	EndProjectSection
EndProject
Global
	GlobalSection(SolutionConfigurationPlatforms) = preSolution
		Debug|Any CPU = Debug|Any CPU
		Release|Any CPU = Release|Any CPU
	EndGlobalSection
	GlobalSection(ProjectConfigurationPlatforms) = postSolution
		{403A972D-66B7-4CBF-B6E9-AEA2989808DD}.Debug|Any CPU.ActiveCfg = Debug|Any CPU
		{403A972D-66B7-4CBF-B6E9-AEA2989808DD}.Debug|Any CPU.Build.0 = Debug|Any CPU
		{403A972D-66B7-4CBF-B6E9-AEA2989808DD}.Release|Any CPU.ActiveCfg = Release|Any CPU
		{403A972D-66B7-4CBF-B6E9-AEA2989808DD}.Release|Any CPU.Build.0 = Release|Any CPU
	EndGlobalSection
	GlobalSection(SolutionProperties) = preSolution
		HideSolutionNode = FALSE
	EndGlobalSection
EndGlobal
